// !$*UTF8*$!
{
	archiveVersion = 1;
	classes = {
	};
	objectVersion = 46;
	objects = {

/* Begin PBXBuildFile section */
		33143F771D1C2297004E4B83 /* Sync.m in Sources */ = {isa = PBXBuildFile; fileRef = 33143F761D1C2297004E4B83 /* Sync.m */; };
		3314D4AD1C9C2830003AE6CD /* TimetableTableViewController.m in Sources */ = {isa = PBXBuildFile; fileRef = 3314D4AC1C9C2830003AE6CD /* TimetableTableViewController.m */; };
		3314D4B01C9CFBCD003AE6CD /* TabBarController.m in Sources */ = {isa = PBXBuildFile; fileRef = 3314D4AF1C9CFBCD003AE6CD /* TabBarController.m */; };
		3314D4B31C9EEB73003AE6CD /* HomeworkTableViewController.m in Sources */ = {isa = PBXBuildFile; fileRef = 3314D4B21C9EEB73003AE6CD /* HomeworkTableViewController.m */; };
		335266951CCC7DFB005641A2 /* TimetableExpandedViewController.m in Sources */ = {isa = PBXBuildFile; fileRef = 335266931CCC7DFB005641A2 /* TimetableExpandedViewController.m */; };
		335266961CCC7DFB005641A2 /* TimetableExpandedViewController.xib in Resources */ = {isa = PBXBuildFile; fileRef = 335266941CCC7DFB005641A2 /* TimetableExpandedViewController.xib */; };
		335266991CD5D345005641A2 /* LoadingViewController.m in Sources */ = {isa = PBXBuildFile; fileRef = 335266981CD5D345005641A2 /* LoadingViewController.m */; };
		3353B92F1C99940F009E48A4 /* TimetableViewCell.m in Sources */ = {isa = PBXBuildFile; fileRef = 3353B92E1C99940F009E48A4 /* TimetableViewCell.m */; };
		336B0A0A1C91C51300C8C40A /* libxml2.2.dylib in Frameworks */ = {isa = PBXBuildFile; fileRef = 336B0A081C91C51200C8C40A /* libxml2.2.dylib */; };
		336B0A0B1C91C51300C8C40A /* libxml2.dylib in Frameworks */ = {isa = PBXBuildFile; fileRef = 336B0A091C91C51300C8C40A /* libxml2.dylib */; };
		33A611AC1D32662000605552 /* ASIAuthenticationDialog.m in Sources */ = {isa = PBXBuildFile; fileRef = 33A6119E1D32662000605552 /* ASIAuthenticationDialog.m */; };
		33A611AD1D32662000605552 /* ASIFormDataRequest.m in Sources */ = {isa = PBXBuildFile; fileRef = 33A611A01D32662000605552 /* ASIFormDataRequest.m */; };
		33A611AE1D32662000605552 /* ASIHTTPRequest.m in Sources */ = {isa = PBXBuildFile; fileRef = 33A611A21D32662000605552 /* ASIHTTPRequest.m */; };
		33A611AF1D32662000605552 /* ASIInputStream.m in Sources */ = {isa = PBXBuildFile; fileRef = 33A611A61D32662000605552 /* ASIInputStream.m */; };
		33A611B01D32662000605552 /* ASINetworkQueue.m in Sources */ = {isa = PBXBuildFile; fileRef = 33A611A81D32662000605552 /* ASINetworkQueue.m */; };
		33A611B11D32662000605552 /* ASINSStringAdditions.m in Sources */ = {isa = PBXBuildFile; fileRef = 33A611AA1D32662000605552 /* ASINSStringAdditions.m */; };
		33A611BB1D3266D100605552 /* .gitattributes in Resources */ = {isa = PBXBuildFile; fileRef = 33A611B41D3266D100605552 /* .gitattributes */; };
		33A611BC1D3266D100605552 /* .gitignore in Resources */ = {isa = PBXBuildFile; fileRef = 33A611B51D3266D100605552 /* .gitignore */; };
		33A611BD1D3266D100605552 /* .travis.yml in Resources */ = {isa = PBXBuildFile; fileRef = 33A611B61D3266D100605552 /* .travis.yml */; };
		33A611BF1D3266D100605552 /* Hpple.podspec in Resources */ = {isa = PBXBuildFile; fileRef = 33A611B81D3266D100605552 /* Hpple.podspec */; };
		33A611C01D3266D100605552 /* LICENSE.txt in Resources */ = {isa = PBXBuildFile; fileRef = 33A611B91D3266D100605552 /* LICENSE.txt */; };
		33A611C81D3266FA00605552 /* TFHpple.m in Sources */ = {isa = PBXBuildFile; fileRef = 33A611C31D3266FA00605552 /* TFHpple.m */; };
		33A611C91D3266FA00605552 /* TFHppleElement.m in Sources */ = {isa = PBXBuildFile; fileRef = 33A611C51D3266FA00605552 /* TFHppleElement.m */; };
		33A611CA1D3266FA00605552 /* XPathQuery.m in Sources */ = {isa = PBXBuildFile; fileRef = 33A611C71D3266FA00605552 /* XPathQuery.m */; };
		33A611CF1D3267A900605552 /* Reachability.m in Sources */ = {isa = PBXBuildFile; fileRef = 33A611CE1D3267A900605552 /* Reachability.m */; };
		33A611D41D32C3F900605552 /* Calendar-50@2x.png in Resources */ = {isa = PBXBuildFile; fileRef = 33A611D11D32C3F900605552 /* Calendar-50@2x.png */; };
		33A611D51D32C3F900605552 /* Desk Lamp-50@2x.png in Resources */ = {isa = PBXBuildFile; fileRef = 33A611D21D32C3F900605552 /* Desk Lamp-50@2x.png */; };
		33A611D61D32C3F900605552 /* News-50@2x.png in Resources */ = {isa = PBXBuildFile; fileRef = 33A611D31D32C3F900605552 /* News-50@2x.png */; };
		33A611D91D33B5EC00605552 /* TimetablePageViewController.m in Sources */ = {isa = PBXBuildFile; fileRef = 33A611D81D33B5EC00605552 /* TimetablePageViewController.m */; };
		33A611DC1D33D4E700605552 /* TimetableViewController2.m in Sources */ = {isa = PBXBuildFile; fileRef = 33A611DB1D33D4E700605552 /* TimetableViewController2.m */; };
		33BBE1311CA6B56100BA70F4 /* HomeworkExpandedViewController.m in Sources */ = {isa = PBXBuildFile; fileRef = 33BBE12F1CA6B56100BA70F4 /* HomeworkExpandedViewController.m */; };
		33BBE1321CA6B56100BA70F4 /* HomeworkExpandedViewController.xib in Resources */ = {isa = PBXBuildFile; fileRef = 33BBE1301CA6B56100BA70F4 /* HomeworkExpandedViewController.xib */; };
		33BBE1351CA9200700BA70F4 /* BulletinTableViewController.m in Sources */ = {isa = PBXBuildFile; fileRef = 33BBE1341CA9200700BA70F4 /* BulletinTableViewController.m */; };
		33BBE1381CA9220700BA70F4 /* BulletinViewCell.m in Sources */ = {isa = PBXBuildFile; fileRef = 33BBE1371CA9220700BA70F4 /* BulletinViewCell.m */; };
		33BBE13C1CB17D2900BA70F4 /* BulletinExpandedViewController.m in Sources */ = {isa = PBXBuildFile; fileRef = 33BBE13A1CB17D2900BA70F4 /* BulletinExpandedViewController.m */; };
		33BBE13D1CB17D2900BA70F4 /* BulletinExpandedViewController.xib in Resources */ = {isa = PBXBuildFile; fileRef = 33BBE13B1CB17D2900BA70F4 /* BulletinExpandedViewController.xib */; };
		33E51EF01D341A50008365DA /* Settings.bundle in Resources */ = {isa = PBXBuildFile; fileRef = 33E51EEF1D341A50008365DA /* Settings.bundle */; };
		33E51EF21D341AB2008365DA /* SettingsTableView.xib in Resources */ = {isa = PBXBuildFile; fileRef = 33E51EF11D341AB2008365DA /* SettingsTableView.xib */; };
		33E51EF41D341B27008365DA /* Settings-50@2x.png in Resources */ = {isa = PBXBuildFile; fileRef = 33E51EF31D341B27008365DA /* Settings-50@2x.png */; };
		33E51EF71D341C79008365DA /* SettingsTableViewController.m in Sources */ = {isa = PBXBuildFile; fileRef = 33E51EF61D341C79008365DA /* SettingsTableViewController.m */; };
		33E51F2E1D341D32008365DA /* IASKAppSettingsViewController.m in Sources */ = {isa = PBXBuildFile; fileRef = 33E51EFB1D341D32008365DA /* IASKAppSettingsViewController.m */; };
		33E51F2F1D341D32008365DA /* IASKAppSettingsWebViewController.m in Sources */ = {isa = PBXBuildFile; fileRef = 33E51EFD1D341D32008365DA /* IASKAppSettingsWebViewController.m */; };
		33E51F301D341D32008365DA /* IASKMultipleValueSelection.m in Sources */ = {isa = PBXBuildFile; fileRef = 33E51EFF1D341D32008365DA /* IASKMultipleValueSelection.m */; };
		33E51F311D341D32008365DA /* IASKSpecifierValuesViewController.m in Sources */ = {isa = PBXBuildFile; fileRef = 33E51F011D341D32008365DA /* IASKSpecifierValuesViewController.m */; };
		33E51F321D341D32008365DA /* IASKSettingsReader.m in Sources */ = {isa = PBXBuildFile; fileRef = 33E51F051D341D32008365DA /* IASKSettingsReader.m */; };
		33E51F331D341D32008365DA /* IASKSettingsStore.m in Sources */ = {isa = PBXBuildFile; fileRef = 33E51F071D341D32008365DA /* IASKSettingsStore.m */; };
		33E51F341D341D32008365DA /* IASKSettingsStoreFile.m in Sources */ = {isa = PBXBuildFile; fileRef = 33E51F091D341D32008365DA /* IASKSettingsStoreFile.m */; };
		33E51F351D341D32008365DA /* IASKSettingsStoreUserDefaults.m in Sources */ = {isa = PBXBuildFile; fileRef = 33E51F0B1D341D32008365DA /* IASKSettingsStoreUserDefaults.m */; };
		33E51F361D341D32008365DA /* IASKSpecifier.m in Sources */ = {isa = PBXBuildFile; fileRef = 33E51F0D1D341D32008365DA /* IASKSpecifier.m */; };
		33E51F371D341D32008365DA /* IASKLocalizable.strings in Resources */ = {isa = PBXBuildFile; fileRef = 33E51F0F1D341D32008365DA /* IASKLocalizable.strings */; };
		33E51F381D341D32008365DA /* IASKPSSliderSpecifierViewCell.m in Sources */ = {isa = PBXBuildFile; fileRef = 33E51F211D341D32008365DA /* IASKPSSliderSpecifierViewCell.m */; };
		33E51F391D341D32008365DA /* IASKPSTextFieldSpecifierViewCell.m in Sources */ = {isa = PBXBuildFile; fileRef = 33E51F231D341D32008365DA /* IASKPSTextFieldSpecifierViewCell.m */; };
		33E51F3A1D341D32008365DA /* IASKSlider.m in Sources */ = {isa = PBXBuildFile; fileRef = 33E51F251D341D32008365DA /* IASKSlider.m */; };
		33E51F3B1D341D32008365DA /* IASKSwitch.m in Sources */ = {isa = PBXBuildFile; fileRef = 33E51F271D341D32008365DA /* IASKSwitch.m */; };
		33E51F3C1D341D32008365DA /* IASKTextField.m in Sources */ = {isa = PBXBuildFile; fileRef = 33E51F291D341D32008365DA /* IASKTextField.m */; };
		33E51F3D1D341D32008365DA /* IASKTextView.m in Sources */ = {isa = PBXBuildFile; fileRef = 33E51F2B1D341D32008365DA /* IASKTextView.m */; };
		33E51F3E1D341D32008365DA /* IASKTextViewCell.m in Sources */ = {isa = PBXBuildFile; fileRef = 33E51F2D1D341D32008365DA /* IASKTextViewCell.m */; };
		33E51F401D3548E5008365DA /* Logo.png in Resources */ = {isa = PBXBuildFile; fileRef = 33E51F3F1D3548E4008365DA /* Logo.png */; };
		33F186F01CA0CE920094ED9A /* HomeworkViewCell.m in Sources */ = {isa = PBXBuildFile; fileRef = 33F186EF1CA0CE920094ED9A /* HomeworkViewCell.m */; };
		33FE98C51C91A486004F7907 /* main.m in Sources */ = {isa = PBXBuildFile; fileRef = 33FE98C41C91A486004F7907 /* main.m */; };
		33FE98C81C91A486004F7907 /* AppDelegate.m in Sources */ = {isa = PBXBuildFile; fileRef = 33FE98C71C91A486004F7907 /* AppDelegate.m */; };
		33FE98CE1C91A486004F7907 /* Main.storyboard in Resources */ = {isa = PBXBuildFile; fileRef = 33FE98CC1C91A486004F7907 /* Main.storyboard */; };
		33FE98D01C91A486004F7907 /* Images.xcassets in Resources */ = {isa = PBXBuildFile; fileRef = 33FE98CF1C91A486004F7907 /* Images.xcassets */; };
		33FE98D31C91A486004F7907 /* LaunchScreen.xib in Resources */ = {isa = PBXBuildFile; fileRef = 33FE98D11C91A486004F7907 /* LaunchScreen.xib */; };
		33FE98DF1C91A486004F7907 /* Lionel3Tests.m in Sources */ = {isa = PBXBuildFile; fileRef = 33FE98DE1C91A486004F7907 /* Lionel3Tests.m */; };
		33FE99611C91A4AD004F7907 /* CFNetwork.framework in Frameworks */ = {isa = PBXBuildFile; fileRef = 33FE99601C91A4AD004F7907 /* CFNetwork.framework */; };
		33FE99631C91A530004F7907 /* SystemConfiguration.framework in Frameworks */ = {isa = PBXBuildFile; fileRef = 33FE99621C91A530004F7907 /* SystemConfiguration.framework */; };
		33FE99651C91A537004F7907 /* CoreGraphics.framework in Frameworks */ = {isa = PBXBuildFile; fileRef = 33FE99641C91A537004F7907 /* CoreGraphics.framework */; };
		33FE99671C91A53E004F7907 /* libz.dylib in Frameworks */ = {isa = PBXBuildFile; fileRef = 33FE99661C91A53E004F7907 /* libz.dylib */; };
		33FE996B1C91A56D004F7907 /* LoginViewController.m in Sources */ = {isa = PBXBuildFile; fileRef = 33FE996A1C91A56D004F7907 /* LoginViewController.m */; };
/* End PBXBuildFile section */

/* Begin PBXContainerItemProxy section */
		33FE98D91C91A486004F7907 /* PBXContainerItemProxy */ = {
			isa = PBXContainerItemProxy;
			containerPortal = 33FE98B71C91A486004F7907 /* Project object */;
			proxyType = 1;
			remoteGlobalIDString = 33FE98BE1C91A486004F7907;
			remoteInfo = Lionel3;
		};
/* End PBXContainerItemProxy section */

/* Begin PBXFileReference section */
		33143F751D1C2297004E4B83 /* Sync.h */ = {isa = PBXFileReference; fileEncoding = 4; lastKnownFileType = sourcecode.c.h; path = Sync.h; sourceTree = "<group>"; };
		33143F761D1C2297004E4B83 /* Sync.m */ = {isa = PBXFileReference; fileEncoding = 4; lastKnownFileType = sourcecode.c.objc; path = Sync.m; sourceTree = "<group>"; };
		3314D4AB1C9C2830003AE6CD /* TimetableTableViewController.h */ = {isa = PBXFileReference; fileEncoding = 4; lastKnownFileType = sourcecode.c.h; name = TimetableTableViewController.h; path = ../TimetableTableViewController.h; sourceTree = "<group>"; };
		3314D4AC1C9C2830003AE6CD /* TimetableTableViewController.m */ = {isa = PBXFileReference; fileEncoding = 4; lastKnownFileType = sourcecode.c.objc; name = TimetableTableViewController.m; path = ../TimetableTableViewController.m; sourceTree = "<group>"; };
		3314D4AE1C9CFBCD003AE6CD /* TabBarController.h */ = {isa = PBXFileReference; fileEncoding = 4; lastKnownFileType = sourcecode.c.h; path = TabBarController.h; sourceTree = "<group>"; };
		3314D4AF1C9CFBCD003AE6CD /* TabBarController.m */ = {isa = PBXFileReference; fileEncoding = 4; lastKnownFileType = sourcecode.c.objc; path = TabBarController.m; sourceTree = "<group>"; };
		3314D4B11C9EEB73003AE6CD /* HomeworkTableViewController.h */ = {isa = PBXFileReference; fileEncoding = 4; lastKnownFileType = sourcecode.c.h; path = HomeworkTableViewController.h; sourceTree = "<group>"; };
		3314D4B21C9EEB73003AE6CD /* HomeworkTableViewController.m */ = {isa = PBXFileReference; fileEncoding = 4; lastKnownFileType = sourcecode.c.objc; path = HomeworkTableViewController.m; sourceTree = "<group>"; };
		335266921CCC7DFB005641A2 /* TimetableExpandedViewController.h */ = {isa = PBXFileReference; fileEncoding = 4; lastKnownFileType = sourcecode.c.h; path = TimetableExpandedViewController.h; sourceTree = "<group>"; };
		335266931CCC7DFB005641A2 /* TimetableExpandedViewController.m */ = {isa = PBXFileReference; fileEncoding = 4; lastKnownFileType = sourcecode.c.objc; path = TimetableExpandedViewController.m; sourceTree = "<group>"; };
		335266941CCC7DFB005641A2 /* TimetableExpandedViewController.xib */ = {isa = PBXFileReference; fileEncoding = 4; lastKnownFileType = file.xib; path = TimetableExpandedViewController.xib; sourceTree = "<group>"; };
		335266971CD5D345005641A2 /* LoadingViewController.h */ = {isa = PBXFileReference; fileEncoding = 4; lastKnownFileType = sourcecode.c.h; path = LoadingViewController.h; sourceTree = "<group>"; };
		335266981CD5D345005641A2 /* LoadingViewController.m */ = {isa = PBXFileReference; fileEncoding = 4; lastKnownFileType = sourcecode.c.objc; path = LoadingViewController.m; sourceTree = "<group>"; };
		3353B92D1C99940F009E48A4 /* TimetableViewCell.h */ = {isa = PBXFileReference; fileEncoding = 4; lastKnownFileType = sourcecode.c.h; name = TimetableViewCell.h; path = ../TimetableViewCell.h; sourceTree = "<group>"; };
		3353B92E1C99940F009E48A4 /* TimetableViewCell.m */ = {isa = PBXFileReference; fileEncoding = 4; lastKnownFileType = sourcecode.c.objc; name = TimetableViewCell.m; path = ../TimetableViewCell.m; sourceTree = "<group>"; };
		336B0A081C91C51200C8C40A /* libxml2.2.dylib */ = {isa = PBXFileReference; lastKnownFileType = "compiled.mach-o.dylib"; name = libxml2.2.dylib; path = usr/lib/libxml2.2.dylib; sourceTree = SDKROOT; };
		336B0A091C91C51300C8C40A /* libxml2.dylib */ = {isa = PBXFileReference; lastKnownFileType = "compiled.mach-o.dylib"; name = libxml2.dylib; path = usr/lib/libxml2.dylib; sourceTree = SDKROOT; };
		33A6119D1D32662000605552 /* ASIAuthenticationDialog.h */ = {isa = PBXFileReference; fileEncoding = 4; lastKnownFileType = sourcecode.c.h; name = ASIAuthenticationDialog.h; path = Classes/ASIAuthenticationDialog.h; sourceTree = SOURCE_ROOT; };
		33A6119E1D32662000605552 /* ASIAuthenticationDialog.m */ = {isa = PBXFileReference; fileEncoding = 4; lastKnownFileType = sourcecode.c.objc; name = ASIAuthenticationDialog.m; path = Classes/ASIAuthenticationDialog.m; sourceTree = SOURCE_ROOT; };
		33A6119F1D32662000605552 /* ASIFormDataRequest.h */ = {isa = PBXFileReference; fileEncoding = 4; lastKnownFileType = sourcecode.c.h; name = ASIFormDataRequest.h; path = Classes/ASIFormDataRequest.h; sourceTree = SOURCE_ROOT; };
		33A611A01D32662000605552 /* ASIFormDataRequest.m */ = {isa = PBXFileReference; fileEncoding = 4; lastKnownFileType = sourcecode.c.objc; name = ASIFormDataRequest.m; path = Classes/ASIFormDataRequest.m; sourceTree = SOURCE_ROOT; };
		33A611A11D32662000605552 /* ASIHTTPRequest.h */ = {isa = PBXFileReference; fileEncoding = 4; lastKnownFileType = sourcecode.c.h; name = ASIHTTPRequest.h; path = Classes/ASIHTTPRequest.h; sourceTree = SOURCE_ROOT; };
		33A611A21D32662000605552 /* ASIHTTPRequest.m */ = {isa = PBXFileReference; fileEncoding = 4; lastKnownFileType = sourcecode.c.objc; name = ASIHTTPRequest.m; path = Classes/ASIHTTPRequest.m; sourceTree = SOURCE_ROOT; };
		33A611A31D32662000605552 /* ASIHTTPRequestConfig.h */ = {isa = PBXFileReference; fileEncoding = 4; lastKnownFileType = sourcecode.c.h; name = ASIHTTPRequestConfig.h; path = Classes/ASIHTTPRequestConfig.h; sourceTree = SOURCE_ROOT; };
		33A611A41D32662000605552 /* ASIHTTPRequestDelegate.h */ = {isa = PBXFileReference; fileEncoding = 4; lastKnownFileType = sourcecode.c.h; name = ASIHTTPRequestDelegate.h; path = Classes/ASIHTTPRequestDelegate.h; sourceTree = SOURCE_ROOT; };
		33A611A51D32662000605552 /* ASIInputStream.h */ = {isa = PBXFileReference; fileEncoding = 4; lastKnownFileType = sourcecode.c.h; name = ASIInputStream.h; path = Classes/ASIInputStream.h; sourceTree = SOURCE_ROOT; };
		33A611A61D32662000605552 /* ASIInputStream.m */ = {isa = PBXFileReference; fileEncoding = 4; lastKnownFileType = sourcecode.c.objc; name = ASIInputStream.m; path = Classes/ASIInputStream.m; sourceTree = SOURCE_ROOT; };
		33A611A71D32662000605552 /* ASINetworkQueue.h */ = {isa = PBXFileReference; fileEncoding = 4; lastKnownFileType = sourcecode.c.h; name = ASINetworkQueue.h; path = Classes/ASINetworkQueue.h; sourceTree = SOURCE_ROOT; };
		33A611A81D32662000605552 /* ASINetworkQueue.m */ = {isa = PBXFileReference; fileEncoding = 4; lastKnownFileType = sourcecode.c.objc; name = ASINetworkQueue.m; path = Classes/ASINetworkQueue.m; sourceTree = SOURCE_ROOT; };
		33A611A91D32662000605552 /* ASINSStringAdditions.h */ = {isa = PBXFileReference; fileEncoding = 4; lastKnownFileType = sourcecode.c.h; name = ASINSStringAdditions.h; path = Classes/ASINSStringAdditions.h; sourceTree = SOURCE_ROOT; };
		33A611AA1D32662000605552 /* ASINSStringAdditions.m */ = {isa = PBXFileReference; fileEncoding = 4; lastKnownFileType = sourcecode.c.objc; name = ASINSStringAdditions.m; path = Classes/ASINSStringAdditions.m; sourceTree = SOURCE_ROOT; };
		33A611AB1D32662000605552 /* ASIProgressDelegate.h */ = {isa = PBXFileReference; fileEncoding = 4; lastKnownFileType = sourcecode.c.h; name = ASIProgressDelegate.h; path = Classes/ASIProgressDelegate.h; sourceTree = SOURCE_ROOT; };
		33A611B41D3266D100605552 /* .gitattributes */ = {isa = PBXFileReference; fileEncoding = 4; lastKnownFileType = text; name = .gitattributes; path = "Lionel3/hpple-master/.gitattributes"; sourceTree = SOURCE_ROOT; };
		33A611B51D3266D100605552 /* .gitignore */ = {isa = PBXFileReference; fileEncoding = 4; lastKnownFileType = text; name = .gitignore; path = "Lionel3/hpple-master/.gitignore"; sourceTree = SOURCE_ROOT; };
		33A611B61D3266D100605552 /* .travis.yml */ = {isa = PBXFileReference; fileEncoding = 4; lastKnownFileType = text; name = .travis.yml; path = "Lionel3/hpple-master/.travis.yml"; sourceTree = SOURCE_ROOT; };
		33A611B81D3266D100605552 /* Hpple.podspec */ = {isa = PBXFileReference; fileEncoding = 4; lastKnownFileType = text; name = Hpple.podspec; path = "Lionel3/hpple-master/Hpple.podspec"; sourceTree = SOURCE_ROOT; };
		33A611B91D3266D100605552 /* LICENSE.txt */ = {isa = PBXFileReference; fileEncoding = 4; lastKnownFileType = text; name = LICENSE.txt; path = "Lionel3/hpple-master/LICENSE.txt"; sourceTree = SOURCE_ROOT; };
		33A611C21D3266FA00605552 /* TFHpple.h */ = {isa = PBXFileReference; fileEncoding = 4; lastKnownFileType = sourcecode.c.h; name = TFHpple.h; path = Classes/TFHpple.h; sourceTree = SOURCE_ROOT; };
		33A611C31D3266FA00605552 /* TFHpple.m */ = {isa = PBXFileReference; fileEncoding = 4; lastKnownFileType = sourcecode.c.objc; name = TFHpple.m; path = Classes/TFHpple.m; sourceTree = SOURCE_ROOT; };
		33A611C41D3266FA00605552 /* TFHppleElement.h */ = {isa = PBXFileReference; fileEncoding = 4; lastKnownFileType = sourcecode.c.h; name = TFHppleElement.h; path = Classes/TFHppleElement.h; sourceTree = SOURCE_ROOT; };
		33A611C51D3266FA00605552 /* TFHppleElement.m */ = {isa = PBXFileReference; fileEncoding = 4; lastKnownFileType = sourcecode.c.objc; name = TFHppleElement.m; path = Classes/TFHppleElement.m; sourceTree = SOURCE_ROOT; };
		33A611C61D3266FA00605552 /* XPathQuery.h */ = {isa = PBXFileReference; fileEncoding = 4; lastKnownFileType = sourcecode.c.h; name = XPathQuery.h; path = Classes/XPathQuery.h; sourceTree = SOURCE_ROOT; };
		33A611C71D3266FA00605552 /* XPathQuery.m */ = {isa = PBXFileReference; fileEncoding = 4; lastKnownFileType = sourcecode.c.objc; name = XPathQuery.m; path = Classes/XPathQuery.m; sourceTree = SOURCE_ROOT; };
		33A611CD1D3267A900605552 /* Reachability.h */ = {isa = PBXFileReference; fileEncoding = 4; lastKnownFileType = sourcecode.c.h; name = Reachability.h; path = Lionel3/Reachability/Reachability.h; sourceTree = SOURCE_ROOT; };
		33A611CE1D3267A900605552 /* Reachability.m */ = {isa = PBXFileReference; fileEncoding = 4; lastKnownFileType = sourcecode.c.objc; name = Reachability.m; path = Lionel3/Reachability/Reachability.m; sourceTree = SOURCE_ROOT; };
		33A611D11D32C3F900605552 /* Calendar-50@2x.png */ = {isa = PBXFileReference; lastKnownFileType = image.png; path = "Calendar-50@2x.png"; sourceTree = "<group>"; };
		33A611D21D32C3F900605552 /* Desk Lamp-50@2x.png */ = {isa = PBXFileReference; lastKnownFileType = image.png; path = "Desk Lamp-50@2x.png"; sourceTree = "<group>"; };
		33A611D31D32C3F900605552 /* News-50@2x.png */ = {isa = PBXFileReference; lastKnownFileType = image.png; path = "News-50@2x.png"; sourceTree = "<group>"; };
		33A611D71D33B5EC00605552 /* TimetablePageViewController.h */ = {isa = PBXFileReference; fileEncoding = 4; lastKnownFileType = sourcecode.c.h; path = TimetablePageViewController.h; sourceTree = "<group>"; };
		33A611D81D33B5EC00605552 /* TimetablePageViewController.m */ = {isa = PBXFileReference; fileEncoding = 4; lastKnownFileType = sourcecode.c.objc; path = TimetablePageViewController.m; sourceTree = "<group>"; };
		33A611DA1D33D4E700605552 /* TimetableViewController2.h */ = {isa = PBXFileReference; fileEncoding = 4; lastKnownFileType = sourcecode.c.h; path = TimetableViewController2.h; sourceTree = "<group>"; };
		33A611DB1D33D4E700605552 /* TimetableViewController2.m */ = {isa = PBXFileReference; fileEncoding = 4; lastKnownFileType = sourcecode.c.objc; path = TimetableViewController2.m; sourceTree = "<group>"; };
		33BBE12E1CA6B56100BA70F4 /* HomeworkExpandedViewController.h */ = {isa = PBXFileReference; fileEncoding = 4; lastKnownFileType = sourcecode.c.h; path = HomeworkExpandedViewController.h; sourceTree = "<group>"; };
		33BBE12F1CA6B56100BA70F4 /* HomeworkExpandedViewController.m */ = {isa = PBXFileReference; fileEncoding = 4; lastKnownFileType = sourcecode.c.objc; path = HomeworkExpandedViewController.m; sourceTree = "<group>"; };
		33BBE1301CA6B56100BA70F4 /* HomeworkExpandedViewController.xib */ = {isa = PBXFileReference; fileEncoding = 4; lastKnownFileType = file.xib; path = HomeworkExpandedViewController.xib; sourceTree = "<group>"; };
		33BBE1331CA9200700BA70F4 /* BulletinTableViewController.h */ = {isa = PBXFileReference; fileEncoding = 4; lastKnownFileType = sourcecode.c.h; path = BulletinTableViewController.h; sourceTree = "<group>"; };
		33BBE1341CA9200700BA70F4 /* BulletinTableViewController.m */ = {isa = PBXFileReference; fileEncoding = 4; lastKnownFileType = sourcecode.c.objc; path = BulletinTableViewController.m; sourceTree = "<group>"; };
		33BBE1361CA9220700BA70F4 /* BulletinViewCell.h */ = {isa = PBXFileReference; fileEncoding = 4; lastKnownFileType = sourcecode.c.h; path = BulletinViewCell.h; sourceTree = "<group>"; };
		33BBE1371CA9220700BA70F4 /* BulletinViewCell.m */ = {isa = PBXFileReference; fileEncoding = 4; lastKnownFileType = sourcecode.c.objc; path = BulletinViewCell.m; sourceTree = "<group>"; };
		33BBE1391CB17D2900BA70F4 /* BulletinExpandedViewController.h */ = {isa = PBXFileReference; fileEncoding = 4; lastKnownFileType = sourcecode.c.h; path = BulletinExpandedViewController.h; sourceTree = "<group>"; };
		33BBE13A1CB17D2900BA70F4 /* BulletinExpandedViewController.m */ = {isa = PBXFileReference; fileEncoding = 4; lastKnownFileType = sourcecode.c.objc; path = BulletinExpandedViewController.m; sourceTree = "<group>"; };
		33BBE13B1CB17D2900BA70F4 /* BulletinExpandedViewController.xib */ = {isa = PBXFileReference; fileEncoding = 4; lastKnownFileType = file.xib; path = BulletinExpandedViewController.xib; sourceTree = "<group>"; };
		33E51EEF1D341A50008365DA /* Settings.bundle */ = {isa = PBXFileReference; lastKnownFileType = "wrapper.plug-in"; path = Settings.bundle; sourceTree = "<group>"; };
		33E51EF11D341AB2008365DA /* SettingsTableView.xib */ = {isa = PBXFileReference; fileEncoding = 4; lastKnownFileType = file.xib; path = SettingsTableView.xib; sourceTree = "<group>"; };
		33E51EF31D341B27008365DA /* Settings-50@2x.png */ = {isa = PBXFileReference; lastKnownFileType = image.png; path = "Settings-50@2x.png"; sourceTree = "<group>"; };
		33E51EF51D341C79008365DA /* SettingsTableViewController.h */ = {isa = PBXFileReference; fileEncoding = 4; lastKnownFileType = sourcecode.c.h; path = SettingsTableViewController.h; sourceTree = "<group>"; };
		33E51EF61D341C79008365DA /* SettingsTableViewController.m */ = {isa = PBXFileReference; fileEncoding = 4; lastKnownFileType = sourcecode.c.objc; path = SettingsTableViewController.m; sourceTree = "<group>"; };
		33E51EFA1D341D32008365DA /* IASKAppSettingsViewController.h */ = {isa = PBXFileReference; fileEncoding = 4; lastKnownFileType = sourcecode.c.h; path = IASKAppSettingsViewController.h; sourceTree = "<group>"; };
		33E51EFB1D341D32008365DA /* IASKAppSettingsViewController.m */ = {isa = PBXFileReference; fileEncoding = 4; lastKnownFileType = sourcecode.c.objc; path = IASKAppSettingsViewController.m; sourceTree = "<group>"; };
		33E51EFC1D341D32008365DA /* IASKAppSettingsWebViewController.h */ = {isa = PBXFileReference; fileEncoding = 4; lastKnownFileType = sourcecode.c.h; path = IASKAppSettingsWebViewController.h; sourceTree = "<group>"; };
		33E51EFD1D341D32008365DA /* IASKAppSettingsWebViewController.m */ = {isa = PBXFileReference; fileEncoding = 4; lastKnownFileType = sourcecode.c.objc; path = IASKAppSettingsWebViewController.m; sourceTree = "<group>"; };
		33E51EFE1D341D32008365DA /* IASKMultipleValueSelection.h */ = {isa = PBXFileReference; fileEncoding = 4; lastKnownFileType = sourcecode.c.h; path = IASKMultipleValueSelection.h; sourceTree = "<group>"; };
		33E51EFF1D341D32008365DA /* IASKMultipleValueSelection.m */ = {isa = PBXFileReference; fileEncoding = 4; lastKnownFileType = sourcecode.c.objc; path = IASKMultipleValueSelection.m; sourceTree = "<group>"; };
		33E51F001D341D32008365DA /* IASKSpecifierValuesViewController.h */ = {isa = PBXFileReference; fileEncoding = 4; lastKnownFileType = sourcecode.c.h; path = IASKSpecifierValuesViewController.h; sourceTree = "<group>"; };
		33E51F011D341D32008365DA /* IASKSpecifierValuesViewController.m */ = {isa = PBXFileReference; fileEncoding = 4; lastKnownFileType = sourcecode.c.objc; path = IASKSpecifierValuesViewController.m; sourceTree = "<group>"; };
		33E51F021D341D32008365DA /* IASKViewController.h */ = {isa = PBXFileReference; fileEncoding = 4; lastKnownFileType = sourcecode.c.h; path = IASKViewController.h; sourceTree = "<group>"; };
		33E51F041D341D32008365DA /* IASKSettingsReader.h */ = {isa = PBXFileReference; fileEncoding = 4; lastKnownFileType = sourcecode.c.h; path = IASKSettingsReader.h; sourceTree = "<group>"; };
		33E51F051D341D32008365DA /* IASKSettingsReader.m */ = {isa = PBXFileReference; fileEncoding = 4; lastKnownFileType = sourcecode.c.objc; path = IASKSettingsReader.m; sourceTree = "<group>"; };
		33E51F061D341D32008365DA /* IASKSettingsStore.h */ = {isa = PBXFileReference; fileEncoding = 4; lastKnownFileType = sourcecode.c.h; path = IASKSettingsStore.h; sourceTree = "<group>"; };
		33E51F071D341D32008365DA /* IASKSettingsStore.m */ = {isa = PBXFileReference; fileEncoding = 4; lastKnownFileType = sourcecode.c.objc; path = IASKSettingsStore.m; sourceTree = "<group>"; };
		33E51F081D341D32008365DA /* IASKSettingsStoreFile.h */ = {isa = PBXFileReference; fileEncoding = 4; lastKnownFileType = sourcecode.c.h; path = IASKSettingsStoreFile.h; sourceTree = "<group>"; };
		33E51F091D341D32008365DA /* IASKSettingsStoreFile.m */ = {isa = PBXFileReference; fileEncoding = 4; lastKnownFileType = sourcecode.c.objc; path = IASKSettingsStoreFile.m; sourceTree = "<group>"; };
		33E51F0A1D341D32008365DA /* IASKSettingsStoreUserDefaults.h */ = {isa = PBXFileReference; fileEncoding = 4; lastKnownFileType = sourcecode.c.h; path = IASKSettingsStoreUserDefaults.h; sourceTree = "<group>"; };
		33E51F0B1D341D32008365DA /* IASKSettingsStoreUserDefaults.m */ = {isa = PBXFileReference; fileEncoding = 4; lastKnownFileType = sourcecode.c.objc; path = IASKSettingsStoreUserDefaults.m; sourceTree = "<group>"; };
		33E51F0C1D341D32008365DA /* IASKSpecifier.h */ = {isa = PBXFileReference; fileEncoding = 4; lastKnownFileType = sourcecode.c.h; path = IASKSpecifier.h; sourceTree = "<group>"; };
		33E51F0D1D341D32008365DA /* IASKSpecifier.m */ = {isa = PBXFileReference; fileEncoding = 4; lastKnownFileType = sourcecode.c.objc; path = IASKSpecifier.m; sourceTree = "<group>"; };
		33E51F101D341D32008365DA /* Base */ = {isa = PBXFileReference; lastKnownFileType = text.plist.strings; name = Base; path = Base.lproj/IASKLocalizable.strings; sourceTree = "<group>"; };
		33E51F111D341D32008365DA /* de */ = {isa = PBXFileReference; lastKnownFileType = text.plist.strings; name = de; path = de.lproj/IASKLocalizable.strings; sourceTree = "<group>"; };
		33E51F121D341D32008365DA /* el */ = {isa = PBXFileReference; lastKnownFileType = text.plist.strings; name = el; path = el.lproj/IASKLocalizable.strings; sourceTree = "<group>"; };
		33E51F131D341D32008365DA /* en */ = {isa = PBXFileReference; lastKnownFileType = text.plist.strings; name = en; path = en.lproj/IASKLocalizable.strings; sourceTree = "<group>"; };
		33E51F141D341D32008365DA /* es */ = {isa = PBXFileReference; lastKnownFileType = text.plist.strings; name = es; path = es.lproj/IASKLocalizable.strings; sourceTree = "<group>"; };
		33E51F151D341D32008365DA /* fr */ = {isa = PBXFileReference; lastKnownFileType = text.plist.strings; name = fr; path = fr.lproj/IASKLocalizable.strings; sourceTree = "<group>"; };
		33E51F161D341D32008365DA /* it */ = {isa = PBXFileReference; lastKnownFileType = text.plist.strings; name = it; path = it.lproj/IASKLocalizable.strings; sourceTree = "<group>"; };
		33E51F171D341D32008365DA /* ja */ = {isa = PBXFileReference; lastKnownFileType = text.plist.strings; name = ja; path = ja.lproj/IASKLocalizable.strings; sourceTree = "<group>"; };
		33E51F181D341D32008365DA /* nl */ = {isa = PBXFileReference; lastKnownFileType = text.plist.strings; name = nl; path = nl.lproj/IASKLocalizable.strings; sourceTree = "<group>"; };
		33E51F191D341D32008365DA /* pt-PT */ = {isa = PBXFileReference; lastKnownFileType = text.plist.strings; name = "pt-PT"; path = "pt-PT.lproj/IASKLocalizable.strings"; sourceTree = "<group>"; };
		33E51F1A1D341D32008365DA /* pt */ = {isa = PBXFileReference; lastKnownFileType = text.plist.strings; name = pt; path = pt.lproj/IASKLocalizable.strings; sourceTree = "<group>"; };
		33E51F1B1D341D32008365DA /* ru */ = {isa = PBXFileReference; lastKnownFileType = text.plist.strings; name = ru; path = ru.lproj/IASKLocalizable.strings; sourceTree = "<group>"; };
		33E51F1C1D341D32008365DA /* sv */ = {isa = PBXFileReference; lastKnownFileType = text.plist.strings; name = sv; path = sv.lproj/IASKLocalizable.strings; sourceTree = "<group>"; };
		33E51F1D1D341D32008365DA /* th */ = {isa = PBXFileReference; lastKnownFileType = text.plist.strings; name = th; path = th.lproj/IASKLocalizable.strings; sourceTree = "<group>"; };
		33E51F1E1D341D32008365DA /* tr */ = {isa = PBXFileReference; lastKnownFileType = text.plist.strings; name = tr; path = tr.lproj/IASKLocalizable.strings; sourceTree = "<group>"; };
		33E51F201D341D32008365DA /* IASKPSSliderSpecifierViewCell.h */ = {isa = PBXFileReference; fileEncoding = 4; lastKnownFileType = sourcecode.c.h; path = IASKPSSliderSpecifierViewCell.h; sourceTree = "<group>"; };
		33E51F211D341D32008365DA /* IASKPSSliderSpecifierViewCell.m */ = {isa = PBXFileReference; fileEncoding = 4; lastKnownFileType = sourcecode.c.objc; path = IASKPSSliderSpecifierViewCell.m; sourceTree = "<group>"; };
		33E51F221D341D32008365DA /* IASKPSTextFieldSpecifierViewCell.h */ = {isa = PBXFileReference; fileEncoding = 4; lastKnownFileType = sourcecode.c.h; path = IASKPSTextFieldSpecifierViewCell.h; sourceTree = "<group>"; };
		33E51F231D341D32008365DA /* IASKPSTextFieldSpecifierViewCell.m */ = {isa = PBXFileReference; fileEncoding = 4; lastKnownFileType = sourcecode.c.objc; path = IASKPSTextFieldSpecifierViewCell.m; sourceTree = "<group>"; };
		33E51F241D341D32008365DA /* IASKSlider.h */ = {isa = PBXFileReference; fileEncoding = 4; lastKnownFileType = sourcecode.c.h; path = IASKSlider.h; sourceTree = "<group>"; };
		33E51F251D341D32008365DA /* IASKSlider.m */ = {isa = PBXFileReference; fileEncoding = 4; lastKnownFileType = sourcecode.c.objc; path = IASKSlider.m; sourceTree = "<group>"; };
		33E51F261D341D32008365DA /* IASKSwitch.h */ = {isa = PBXFileReference; fileEncoding = 4; lastKnownFileType = sourcecode.c.h; path = IASKSwitch.h; sourceTree = "<group>"; };
		33E51F271D341D32008365DA /* IASKSwitch.m */ = {isa = PBXFileReference; fileEncoding = 4; lastKnownFileType = sourcecode.c.objc; path = IASKSwitch.m; sourceTree = "<group>"; };
		33E51F281D341D32008365DA /* IASKTextField.h */ = {isa = PBXFileReference; fileEncoding = 4; lastKnownFileType = sourcecode.c.h; path = IASKTextField.h; sourceTree = "<group>"; };
		33E51F291D341D32008365DA /* IASKTextField.m */ = {isa = PBXFileReference; fileEncoding = 4; lastKnownFileType = sourcecode.c.objc; path = IASKTextField.m; sourceTree = "<group>"; };
		33E51F2A1D341D32008365DA /* IASKTextView.h */ = {isa = PBXFileReference; fileEncoding = 4; lastKnownFileType = sourcecode.c.h; path = IASKTextView.h; sourceTree = "<group>"; };
		33E51F2B1D341D32008365DA /* IASKTextView.m */ = {isa = PBXFileReference; fileEncoding = 4; lastKnownFileType = sourcecode.c.objc; path = IASKTextView.m; sourceTree = "<group>"; };
		33E51F2C1D341D32008365DA /* IASKTextViewCell.h */ = {isa = PBXFileReference; fileEncoding = 4; lastKnownFileType = sourcecode.c.h; path = IASKTextViewCell.h; sourceTree = "<group>"; };
		33E51F2D1D341D32008365DA /* IASKTextViewCell.m */ = {isa = PBXFileReference; fileEncoding = 4; lastKnownFileType = sourcecode.c.objc; path = IASKTextViewCell.m; sourceTree = "<group>"; };
		33E51F3F1D3548E4008365DA /* Logo.png */ = {isa = PBXFileReference; lastKnownFileType = image.png; path = Logo.png; sourceTree = "<group>"; };
		33F186EE1CA0CE920094ED9A /* HomeworkViewCell.h */ = {isa = PBXFileReference; fileEncoding = 4; lastKnownFileType = sourcecode.c.h; path = HomeworkViewCell.h; sourceTree = "<group>"; };
		33F186EF1CA0CE920094ED9A /* HomeworkViewCell.m */ = {isa = PBXFileReference; fileEncoding = 4; lastKnownFileType = sourcecode.c.objc; path = HomeworkViewCell.m; sourceTree = "<group>"; };
		33FE98BF1C91A486004F7907 /* Lionel3.app */ = {isa = PBXFileReference; explicitFileType = wrapper.application; includeInIndex = 0; path = Lionel3.app; sourceTree = BUILT_PRODUCTS_DIR; };
		33FE98C31C91A486004F7907 /* Info.plist */ = {isa = PBXFileReference; lastKnownFileType = text.plist.xml; path = Info.plist; sourceTree = "<group>"; };
		33FE98C41C91A486004F7907 /* main.m */ = {isa = PBXFileReference; lastKnownFileType = sourcecode.c.objc; path = main.m; sourceTree = "<group>"; };
		33FE98C61C91A486004F7907 /* AppDelegate.h */ = {isa = PBXFileReference; lastKnownFileType = sourcecode.c.h; path = AppDelegate.h; sourceTree = "<group>"; };
		33FE98C71C91A486004F7907 /* AppDelegate.m */ = {isa = PBXFileReference; lastKnownFileType = sourcecode.c.objc; path = AppDelegate.m; sourceTree = "<group>"; };
		33FE98CD1C91A486004F7907 /* Base */ = {isa = PBXFileReference; lastKnownFileType = file.storyboard; name = Base; path = Base.lproj/Main.storyboard; sourceTree = "<group>"; };
		33FE98CF1C91A486004F7907 /* Images.xcassets */ = {isa = PBXFileReference; lastKnownFileType = folder.assetcatalog; path = Images.xcassets; sourceTree = "<group>"; };
		33FE98D21C91A486004F7907 /* Base */ = {isa = PBXFileReference; lastKnownFileType = file.xib; name = Base; path = Base.lproj/LaunchScreen.xib; sourceTree = "<group>"; };
		33FE98D81C91A486004F7907 /* Lionel3Tests.xctest */ = {isa = PBXFileReference; explicitFileType = wrapper.cfbundle; includeInIndex = 0; path = Lionel3Tests.xctest; sourceTree = BUILT_PRODUCTS_DIR; };
		33FE98DD1C91A486004F7907 /* Info.plist */ = {isa = PBXFileReference; lastKnownFileType = text.plist.xml; path = Info.plist; sourceTree = "<group>"; };
		33FE98DE1C91A486004F7907 /* Lionel3Tests.m */ = {isa = PBXFileReference; lastKnownFileType = sourcecode.c.objc; path = Lionel3Tests.m; sourceTree = "<group>"; };
		33FE99601C91A4AD004F7907 /* CFNetwork.framework */ = {isa = PBXFileReference; lastKnownFileType = wrapper.framework; name = CFNetwork.framework; path = System/Library/Frameworks/CFNetwork.framework; sourceTree = SDKROOT; };
		33FE99621C91A530004F7907 /* SystemConfiguration.framework */ = {isa = PBXFileReference; lastKnownFileType = wrapper.framework; name = SystemConfiguration.framework; path = System/Library/Frameworks/SystemConfiguration.framework; sourceTree = SDKROOT; };
		33FE99641C91A537004F7907 /* CoreGraphics.framework */ = {isa = PBXFileReference; lastKnownFileType = wrapper.framework; name = CoreGraphics.framework; path = System/Library/Frameworks/CoreGraphics.framework; sourceTree = SDKROOT; };
		33FE99661C91A53E004F7907 /* libz.dylib */ = {isa = PBXFileReference; lastKnownFileType = "compiled.mach-o.dylib"; name = libz.dylib; path = usr/lib/libz.dylib; sourceTree = SDKROOT; };
		33FE99691C91A56D004F7907 /* LoginViewController.h */ = {isa = PBXFileReference; fileEncoding = 4; lastKnownFileType = sourcecode.c.h; path = LoginViewController.h; sourceTree = "<group>"; };
		33FE996A1C91A56D004F7907 /* LoginViewController.m */ = {isa = PBXFileReference; fileEncoding = 4; lastKnownFileType = sourcecode.c.objc; path = LoginViewController.m; sourceTree = "<group>"; };
/* End PBXFileReference section */

/* Begin PBXFrameworksBuildPhase section */
		33FE98BC1C91A486004F7907 /* Frameworks */ = {
			isa = PBXFrameworksBuildPhase;
			buildActionMask = 2147483647;
			files = (
				336B0A0A1C91C51300C8C40A /* libxml2.2.dylib in Frameworks */,
				336B0A0B1C91C51300C8C40A /* libxml2.dylib in Frameworks */,
				33FE99671C91A53E004F7907 /* libz.dylib in Frameworks */,
				33FE99651C91A537004F7907 /* CoreGraphics.framework in Frameworks */,
				33FE99631C91A530004F7907 /* SystemConfiguration.framework in Frameworks */,
				33FE99611C91A4AD004F7907 /* CFNetwork.framework in Frameworks */,
			);
			runOnlyForDeploymentPostprocessing = 0;
		};
		33FE98D51C91A486004F7907 /* Frameworks */ = {
			isa = PBXFrameworksBuildPhase;
			buildActionMask = 2147483647;
			files = (
			);
			runOnlyForDeploymentPostprocessing = 0;
		};
/* End PBXFrameworksBuildPhase section */

/* Begin PBXGroup section */
		3353B8DF1C971494009E48A4 /* hpple-master */ = {
			isa = PBXGroup;
			children = (
				33A611B41D3266D100605552 /* .gitattributes */,
				33A611B51D3266D100605552 /* .gitignore */,
				33A611B61D3266D100605552 /* .travis.yml */,
				33A611B81D3266D100605552 /* Hpple.podspec */,
				33A611B91D3266D100605552 /* LICENSE.txt */,
				3353B8FD1C971494009E48A4 /* Pod */,
			);
			name = "hpple-master";
			path = "../LIONeL/LIONeL/hpple-master";
			sourceTree = "<group>";
		};
		3353B8FD1C971494009E48A4 /* Pod */ = {
			isa = PBXGroup;
			children = (
				3353B8FE1C971494009E48A4 /* Classes */,
			);
			path = Pod;
			sourceTree = "<group>";
		};
		3353B8FE1C971494009E48A4 /* Classes */ = {
			isa = PBXGroup;
			children = (
				33A611C21D3266FA00605552 /* TFHpple.h */,
				33A611C31D3266FA00605552 /* TFHpple.m */,
				33A611C41D3266FA00605552 /* TFHppleElement.h */,
				33A611C51D3266FA00605552 /* TFHppleElement.m */,
				33A611C61D3266FA00605552 /* XPathQuery.h */,
				33A611C71D3266FA00605552 /* XPathQuery.m */,
			);
			path = Classes;
			sourceTree = "<group>";
		};
		3353B9251C9990EF009E48A4 /* Images */ = {
			isa = PBXGroup;
			children = (
				33E51F3F1D3548E4008365DA /* Logo.png */,
				33A611D11D32C3F900605552 /* Calendar-50@2x.png */,
				33A611D21D32C3F900605552 /* Desk Lamp-50@2x.png */,
				33A611D31D32C3F900605552 /* News-50@2x.png */,
				33E51EF31D341B27008365DA /* Settings-50@2x.png */,
			);
			name = Images;
			sourceTree = "<group>";
		};
		3353B92C1C9993DF009E48A4 /* Miscellaneous */ = {
			isa = PBXGroup;
			children = (
				3353B92D1C99940F009E48A4 /* TimetableViewCell.h */,
				3353B92E1C99940F009E48A4 /* TimetableViewCell.m */,
				33F186EE1CA0CE920094ED9A /* HomeworkViewCell.h */,
				33F186EF1CA0CE920094ED9A /* HomeworkViewCell.m */,
				33BBE1371CA9220700BA70F4 /* BulletinViewCell.m */,
				33BBE1361CA9220700BA70F4 /* BulletinViewCell.h */,
			);
			name = Miscellaneous;
			sourceTree = "<group>";
		};
		33BBE12C1CA6B4EB00BA70F4 /* Main */ = {
			isa = PBXGroup;
			children = (
				33E51EF51D341C79008365DA /* SettingsTableViewController.h */,
				33E51EF61D341C79008365DA /* SettingsTableViewController.m */,
				33A611DA1D33D4E700605552 /* TimetableViewController2.h */,
				33A611DB1D33D4E700605552 /* TimetableViewController2.m */,
				33A611D71D33B5EC00605552 /* TimetablePageViewController.h */,
				33A611D81D33B5EC00605552 /* TimetablePageViewController.m */,
				33143F751D1C2297004E4B83 /* Sync.h */,
				33143F761D1C2297004E4B83 /* Sync.m */,
				335266971CD5D345005641A2 /* LoadingViewController.h */,
				335266981CD5D345005641A2 /* LoadingViewController.m */,
				3314D4AE1C9CFBCD003AE6CD /* TabBarController.h */,
				3314D4AF1C9CFBCD003AE6CD /* TabBarController.m */,
				33FE99691C91A56D004F7907 /* LoginViewController.h */,
				33FE996A1C91A56D004F7907 /* LoginViewController.m */,
				3314D4B11C9EEB73003AE6CD /* HomeworkTableViewController.h */,
				3314D4B21C9EEB73003AE6CD /* HomeworkTableViewController.m */,
				33BBE1331CA9200700BA70F4 /* BulletinTableViewController.h */,
				33BBE1341CA9200700BA70F4 /* BulletinTableViewController.m */,
			);
			name = Main;
			sourceTree = "<group>";
		};
		33BBE12D1CA6B4FF00BA70F4 /* Expanded */ = {
			isa = PBXGroup;
			children = (
				335266921CCC7DFB005641A2 /* TimetableExpandedViewController.h */,
				335266931CCC7DFB005641A2 /* TimetableExpandedViewController.m */,
				335266941CCC7DFB005641A2 /* TimetableExpandedViewController.xib */,
				33BBE1301CA6B56100BA70F4 /* HomeworkExpandedViewController.xib */,
				33BBE12E1CA6B56100BA70F4 /* HomeworkExpandedViewController.h */,
				33BBE12F1CA6B56100BA70F4 /* HomeworkExpandedViewController.m */,
				33BBE13B1CB17D2900BA70F4 /* BulletinExpandedViewController.xib */,
				33BBE1391CB17D2900BA70F4 /* BulletinExpandedViewController.h */,
				33BBE13A1CB17D2900BA70F4 /* BulletinExpandedViewController.m */,
				3314D4AB1C9C2830003AE6CD /* TimetableTableViewController.h */,
				3314D4AC1C9C2830003AE6CD /* TimetableTableViewController.m */,
			);
			name = Expanded;
			sourceTree = "<group>";
		};
		33E51EF81D341D32008365DA /* InAppSettingsKit */ = {
			isa = PBXGroup;
			children = (
				33E51EF91D341D32008365DA /* Controllers */,
				33E51F031D341D32008365DA /* Models */,
				33E51F0E1D341D32008365DA /* Resources */,
				33E51F1F1D341D32008365DA /* Views */,
			);
			path = InAppSettingsKit;
			sourceTree = "<group>";
		};
		33E51EF91D341D32008365DA /* Controllers */ = {
			isa = PBXGroup;
			children = (
				33E51EFA1D341D32008365DA /* IASKAppSettingsViewController.h */,
				33E51EFB1D341D32008365DA /* IASKAppSettingsViewController.m */,
				33E51EFC1D341D32008365DA /* IASKAppSettingsWebViewController.h */,
				33E51EFD1D341D32008365DA /* IASKAppSettingsWebViewController.m */,
				33E51EFE1D341D32008365DA /* IASKMultipleValueSelection.h */,
				33E51EFF1D341D32008365DA /* IASKMultipleValueSelection.m */,
				33E51F001D341D32008365DA /* IASKSpecifierValuesViewController.h */,
				33E51F011D341D32008365DA /* IASKSpecifierValuesViewController.m */,
				33E51F021D341D32008365DA /* IASKViewController.h */,
			);
			path = Controllers;
			sourceTree = "<group>";
		};
		33E51F031D341D32008365DA /* Models */ = {
			isa = PBXGroup;
			children = (
				33E51F041D341D32008365DA /* IASKSettingsReader.h */,
				33E51F051D341D32008365DA /* IASKSettingsReader.m */,
				33E51F061D341D32008365DA /* IASKSettingsStore.h */,
				33E51F071D341D32008365DA /* IASKSettingsStore.m */,
				33E51F081D341D32008365DA /* IASKSettingsStoreFile.h */,
				33E51F091D341D32008365DA /* IASKSettingsStoreFile.m */,
				33E51F0A1D341D32008365DA /* IASKSettingsStoreUserDefaults.h */,
				33E51F0B1D341D32008365DA /* IASKSettingsStoreUserDefaults.m */,
				33E51F0C1D341D32008365DA /* IASKSpecifier.h */,
				33E51F0D1D341D32008365DA /* IASKSpecifier.m */,
			);
			path = Models;
			sourceTree = "<group>";
		};
		33E51F0E1D341D32008365DA /* Resources */ = {
			isa = PBXGroup;
			children = (
				33E51F0F1D341D32008365DA /* IASKLocalizable.strings */,
			);
			path = Resources;
			sourceTree = "<group>";
		};
		33E51F1F1D341D32008365DA /* Views */ = {
			isa = PBXGroup;
			children = (
				33E51F201D341D32008365DA /* IASKPSSliderSpecifierViewCell.h */,
				33E51F211D341D32008365DA /* IASKPSSliderSpecifierViewCell.m */,
				33E51F221D341D32008365DA /* IASKPSTextFieldSpecifierViewCell.h */,
				33E51F231D341D32008365DA /* IASKPSTextFieldSpecifierViewCell.m */,
				33E51F241D341D32008365DA /* IASKSlider.h */,
				33E51F251D341D32008365DA /* IASKSlider.m */,
				33E51F261D341D32008365DA /* IASKSwitch.h */,
				33E51F271D341D32008365DA /* IASKSwitch.m */,
				33E51F281D341D32008365DA /* IASKTextField.h */,
				33E51F291D341D32008365DA /* IASKTextField.m */,
				33E51F2A1D341D32008365DA /* IASKTextView.h */,
				33E51F2B1D341D32008365DA /* IASKTextView.m */,
				33E51F2C1D341D32008365DA /* IASKTextViewCell.h */,
				33E51F2D1D341D32008365DA /* IASKTextViewCell.m */,
			);
			path = Views;
			sourceTree = "<group>";
		};
		33FE98B61C91A486004F7907 = {
			isa = PBXGroup;
			children = (
				33E51EF81D341D32008365DA /* InAppSettingsKit */,
				33E51EEF1D341A50008365DA /* Settings.bundle */,
				3353B8DF1C971494009E48A4 /* hpple-master */,
				336B0A081C91C51200C8C40A /* libxml2.2.dylib */,
				336B0A091C91C51300C8C40A /* libxml2.dylib */,
				33FE9C2B1C91AF2F004F7907 /* Reachability */,
				33FE99661C91A53E004F7907 /* libz.dylib */,
				33FE99641C91A537004F7907 /* CoreGraphics.framework */,
				33FE99621C91A530004F7907 /* SystemConfiguration.framework */,
				33FE99601C91A4AD004F7907 /* CFNetwork.framework */,
				33FE98E81C91A4A3004F7907 /* Classes */,
				33FE98C11C91A486004F7907 /* Lionel3 */,
				33FE98DB1C91A486004F7907 /* Lionel3Tests */,
				33FE98C01C91A486004F7907 /* Products */,
			);
			sourceTree = "<group>";
		};
		33FE98C01C91A486004F7907 /* Products */ = {
			isa = PBXGroup;
			children = (
				33FE98BF1C91A486004F7907 /* Lionel3.app */,
				33FE98D81C91A486004F7907 /* Lionel3Tests.xctest */,
			);
			name = Products;
			sourceTree = "<group>";
		};
		33FE98C11C91A486004F7907 /* Lionel3 */ = {
			isa = PBXGroup;
			children = (
				33FE99681C91A552004F7907 /* ViewControllers */,
				3353B92C1C9993DF009E48A4 /* Miscellaneous */,
				3353B9251C9990EF009E48A4 /* Images */,
				33FE98C61C91A486004F7907 /* AppDelegate.h */,
				33FE98C71C91A486004F7907 /* AppDelegate.m */,
				33FE98CC1C91A486004F7907 /* Main.storyboard */,
				33E51EF11D341AB2008365DA /* SettingsTableView.xib */,
				33FE98CF1C91A486004F7907 /* Images.xcassets */,
				33FE98D11C91A486004F7907 /* LaunchScreen.xib */,
				33FE98C21C91A486004F7907 /* Supporting Files */,
			);
			path = Lionel3;
			sourceTree = "<group>";
		};
		33FE98C21C91A486004F7907 /* Supporting Files */ = {
			isa = PBXGroup;
			children = (
				33FE98C31C91A486004F7907 /* Info.plist */,
				33FE98C41C91A486004F7907 /* main.m */,
			);
			name = "Supporting Files";
			sourceTree = "<group>";
		};
		33FE98DB1C91A486004F7907 /* Lionel3Tests */ = {
			isa = PBXGroup;
			children = (
				33FE98DE1C91A486004F7907 /* Lionel3Tests.m */,
				33FE98DC1C91A486004F7907 /* Supporting Files */,
			);
			path = Lionel3Tests;
			sourceTree = "<group>";
		};
		33FE98DC1C91A486004F7907 /* Supporting Files */ = {
			isa = PBXGroup;
			children = (
				33FE98DD1C91A486004F7907 /* Info.plist */,
			);
			name = "Supporting Files";
			sourceTree = "<group>";
		};
		33FE98E81C91A4A3004F7907 /* Classes */ = {
			isa = PBXGroup;
			children = (
				33A6119D1D32662000605552 /* ASIAuthenticationDialog.h */,
				33A6119E1D32662000605552 /* ASIAuthenticationDialog.m */,
				33A6119F1D32662000605552 /* ASIFormDataRequest.h */,
				33A611A01D32662000605552 /* ASIFormDataRequest.m */,
				33A611A11D32662000605552 /* ASIHTTPRequest.h */,
				33A611A21D32662000605552 /* ASIHTTPRequest.m */,
				33A611A31D32662000605552 /* ASIHTTPRequestConfig.h */,
				33A611A41D32662000605552 /* ASIHTTPRequestDelegate.h */,
				33A611A51D32662000605552 /* ASIInputStream.h */,
				33A611A61D32662000605552 /* ASIInputStream.m */,
				33A611A71D32662000605552 /* ASINetworkQueue.h */,
				33A611A81D32662000605552 /* ASINetworkQueue.m */,
				33A611A91D32662000605552 /* ASINSStringAdditions.h */,
				33A611AA1D32662000605552 /* ASINSStringAdditions.m */,
				33A611AB1D32662000605552 /* ASIProgressDelegate.h */,
			);
			name = Classes;
			path = "../../Downloads/pokeb-asi-http-request-9051a33/Classes";
			sourceTree = "<group>";
		};
		33FE99681C91A552004F7907 /* ViewControllers */ = {
			isa = PBXGroup;
			children = (
				33BBE12D1CA6B4FF00BA70F4 /* Expanded */,
				33BBE12C1CA6B4EB00BA70F4 /* Main */,
			);
			name = ViewControllers;
			sourceTree = "<group>";
		};
		33FE9C2B1C91AF2F004F7907 /* Reachability */ = {
			isa = PBXGroup;
			children = (
				33A611CD1D3267A900605552 /* Reachability.h */,
				33A611CE1D3267A900605552 /* Reachability.m */,
			);
			name = Reachability;
			path = "../../Downloads/pokeb-asi-http-request-9051a33/External/Reachability";
			sourceTree = "<group>";
		};
/* End PBXGroup section */

/* Begin PBXNativeTarget section */
		33FE98BE1C91A486004F7907 /* Lionel3 */ = {
			isa = PBXNativeTarget;
			buildConfigurationList = 33FE98E21C91A486004F7907 /* Build configuration list for PBXNativeTarget "Lionel3" */;
			buildPhases = (
				33FE98BB1C91A486004F7907 /* Sources */,
				33FE98BC1C91A486004F7907 /* Frameworks */,
				33FE98BD1C91A486004F7907 /* Resources */,
			);
			buildRules = (
			);
			dependencies = (
			);
			name = Lionel3;
			productName = Lionel3;
			productReference = 33FE98BF1C91A486004F7907 /* Lionel3.app */;
			productType = "com.apple.product-type.application";
		};
		33FE98D71C91A486004F7907 /* Lionel3Tests */ = {
			isa = PBXNativeTarget;
			buildConfigurationList = 33FE98E51C91A486004F7907 /* Build configuration list for PBXNativeTarget "Lionel3Tests" */;
			buildPhases = (
				33FE98D41C91A486004F7907 /* Sources */,
				33FE98D51C91A486004F7907 /* Frameworks */,
				33FE98D61C91A486004F7907 /* Resources */,
			);
			buildRules = (
			);
			dependencies = (
				33FE98DA1C91A486004F7907 /* PBXTargetDependency */,
			);
			name = Lionel3Tests;
			productName = Lionel3Tests;
			productReference = 33FE98D81C91A486004F7907 /* Lionel3Tests.xctest */;
			productType = "com.apple.product-type.bundle.unit-test";
		};
/* End PBXNativeTarget section */

/* Begin PBXProject section */
		33FE98B71C91A486004F7907 /* Project object */ = {
			isa = PBXProject;
			attributes = {
				LastUpgradeCheck = 0730;
				ORGANIZATIONNAME = "No Empty Promises";
				TargetAttributes = {
					33FE98BE1C91A486004F7907 = {
						CreatedOnToolsVersion = 6.1;
						DevelopmentTeam = RQ3Q258PV4;
					};
					33FE98D71C91A486004F7907 = {
						CreatedOnToolsVersion = 6.1;
						TestTargetID = 33FE98BE1C91A486004F7907;
					};
				};
			};
			buildConfigurationList = 33FE98BA1C91A486004F7907 /* Build configuration list for PBXProject "Lionel3" */;
			compatibilityVersion = "Xcode 3.2";
			developmentRegion = English;
			hasScannedForEncodings = 0;
			knownRegions = (
				en,
				Base,
				English,
				de,
				el,
				es,
				fr,
				it,
				ja,
				nl,
				"pt-PT",
				pt,
				ru,
				sv,
				th,
				tr,
			);
			mainGroup = 33FE98B61C91A486004F7907;
			productRefGroup = 33FE98C01C91A486004F7907 /* Products */;
			projectDirPath = "";
			projectRoot = "";
			targets = (
				33FE98BE1C91A486004F7907 /* Lionel3 */,
				33FE98D71C91A486004F7907 /* Lionel3Tests */,
			);
		};
/* End PBXProject section */

/* Begin PBXResourcesBuildPhase section */
		33FE98BD1C91A486004F7907 /* Resources */ = {
			isa = PBXResourcesBuildPhase;
			buildActionMask = 2147483647;
			files = (
				33A611BD1D3266D100605552 /* .travis.yml in Resources */,
				33BBE13D1CB17D2900BA70F4 /* BulletinExpandedViewController.xib in Resources */,
				33A611D51D32C3F900605552 /* Desk Lamp-50@2x.png in Resources */,
				33A611C01D3266D100605552 /* LICENSE.txt in Resources */,
				335266961CCC7DFB005641A2 /* TimetableExpandedViewController.xib in Resources */,
				33BBE1321CA6B56100BA70F4 /* HomeworkExpandedViewController.xib in Resources */,
				33E51EF41D341B27008365DA /* Settings-50@2x.png in Resources */,
				33FE98CE1C91A486004F7907 /* Main.storyboard in Resources */,
				33E51EF01D341A50008365DA /* Settings.bundle in Resources */,
				33A611BF1D3266D100605552 /* Hpple.podspec in Resources */,
				33FE98D31C91A486004F7907 /* LaunchScreen.xib in Resources */,
				33E51F401D3548E5008365DA /* Logo.png in Resources */,
				33FE98D01C91A486004F7907 /* Images.xcassets in Resources */,
				33A611BC1D3266D100605552 /* .gitignore in Resources */,
				33A611BB1D3266D100605552 /* .gitattributes in Resources */,
				33A611D41D32C3F900605552 /* Calendar-50@2x.png in Resources */,
				33E51F371D341D32008365DA /* IASKLocalizable.strings in Resources */,
				33E51EF21D341AB2008365DA /* SettingsTableView.xib in Resources */,
				33A611D61D32C3F900605552 /* News-50@2x.png in Resources */,
			);
			runOnlyForDeploymentPostprocessing = 0;
		};
		33FE98D61C91A486004F7907 /* Resources */ = {
			isa = PBXResourcesBuildPhase;
			buildActionMask = 2147483647;
			files = (
			);
			runOnlyForDeploymentPostprocessing = 0;
		};
/* End PBXResourcesBuildPhase section */

/* Begin PBXSourcesBuildPhase section */
		33FE98BB1C91A486004F7907 /* Sources */ = {
			isa = PBXSourcesBuildPhase;
			buildActionMask = 2147483647;
			files = (
				33E51EF71D341C79008365DA /* SettingsTableViewController.m in Sources */,
				33E51F3D1D341D32008365DA /* IASKTextView.m in Sources */,
				33143F771D1C2297004E4B83 /* Sync.m in Sources */,
				33A611D91D33B5EC00605552 /* TimetablePageViewController.m in Sources */,
				33E51F3C1D341D32008365DA /* IASKTextField.m in Sources */,
				3353B92F1C99940F009E48A4 /* TimetableViewCell.m in Sources */,
				33BBE13C1CB17D2900BA70F4 /* BulletinExpandedViewController.m in Sources */,
				33E51F2F1D341D32008365DA /* IASKAppSettingsWebViewController.m in Sources */,
				33E51F391D341D32008365DA /* IASKPSTextFieldSpecifierViewCell.m in Sources */,
				335266991CD5D345005641A2 /* LoadingViewController.m in Sources */,
				33A611AE1D32662000605552 /* ASIHTTPRequest.m in Sources */,
				33E51F3E1D341D32008365DA /* IASKTextViewCell.m in Sources */,
				33A611B11D32662000605552 /* ASINSStringAdditions.m in Sources */,
				33FE98C81C91A486004F7907 /* AppDelegate.m in Sources */,
				33E51F3B1D341D32008365DA /* IASKSwitch.m in Sources */,
				33A611AD1D32662000605552 /* ASIFormDataRequest.m in Sources */,
				33A611C91D3266FA00605552 /* TFHppleElement.m in Sources */,
				33E51F341D341D32008365DA /* IASKSettingsStoreFile.m in Sources */,
				33E51F381D341D32008365DA /* IASKPSSliderSpecifierViewCell.m in Sources */,
				33BBE1381CA9220700BA70F4 /* BulletinViewCell.m in Sources */,
				33E51F301D341D32008365DA /* IASKMultipleValueSelection.m in Sources */,
				33E51F311D341D32008365DA /* IASKSpecifierValuesViewController.m in Sources */,
				33BBE1311CA6B56100BA70F4 /* HomeworkExpandedViewController.m in Sources */,
				335266951CCC7DFB005641A2 /* TimetableExpandedViewController.m in Sources */,
				33FE996B1C91A56D004F7907 /* LoginViewController.m in Sources */,
				33A611CA1D3266FA00605552 /* XPathQuery.m in Sources */,
				33E51F331D341D32008365DA /* IASKSettingsStore.m in Sources */,
				33E51F2E1D341D32008365DA /* IASKAppSettingsViewController.m in Sources */,
				33E51F321D341D32008365DA /* IASKSettingsReader.m in Sources */,
				33A611B01D32662000605552 /* ASINetworkQueue.m in Sources */,
				33E51F3A1D341D32008365DA /* IASKSlider.m in Sources */,
				33A611DC1D33D4E700605552 /* TimetableViewController2.m in Sources */,
				3314D4B31C9EEB73003AE6CD /* HomeworkTableViewController.m in Sources */,
				33E51F351D341D32008365DA /* IASKSettingsStoreUserDefaults.m in Sources */,
				33F186F01CA0CE920094ED9A /* HomeworkViewCell.m in Sources */,
				33FE98C51C91A486004F7907 /* main.m in Sources */,
				33BBE1351CA9200700BA70F4 /* BulletinTableViewController.m in Sources */,
				33A611C81D3266FA00605552 /* TFHpple.m in Sources */,
				33E51F361D341D32008365DA /* IASKSpecifier.m in Sources */,
				33A611AC1D32662000605552 /* ASIAuthenticationDialog.m in Sources */,
				3314D4AD1C9C2830003AE6CD /* TimetableTableViewController.m in Sources */,
				33A611AF1D32662000605552 /* ASIInputStream.m in Sources */,
				33A611CF1D3267A900605552 /* Reachability.m in Sources */,
				3314D4B01C9CFBCD003AE6CD /* TabBarController.m in Sources */,
			);
			runOnlyForDeploymentPostprocessing = 0;
		};
		33FE98D41C91A486004F7907 /* Sources */ = {
			isa = PBXSourcesBuildPhase;
			buildActionMask = 2147483647;
			files = (
				33FE98DF1C91A486004F7907 /* Lionel3Tests.m in Sources */,
			);
			runOnlyForDeploymentPostprocessing = 0;
		};
/* End PBXSourcesBuildPhase section */

/* Begin PBXTargetDependency section */
		33FE98DA1C91A486004F7907 /* PBXTargetDependency */ = {
			isa = PBXTargetDependency;
			target = 33FE98BE1C91A486004F7907 /* Lionel3 */;
			targetProxy = 33FE98D91C91A486004F7907 /* PBXContainerItemProxy */;
		};
/* End PBXTargetDependency section */

/* Begin PBXVariantGroup section */
		33E51F0F1D341D32008365DA /* IASKLocalizable.strings */ = {
			isa = PBXVariantGroup;
			children = (
				33E51F101D341D32008365DA /* Base */,
				33E51F111D341D32008365DA /* de */,
				33E51F121D341D32008365DA /* el */,
				33E51F131D341D32008365DA /* en */,
				33E51F141D341D32008365DA /* es */,
				33E51F151D341D32008365DA /* fr */,
				33E51F161D341D32008365DA /* it */,
				33E51F171D341D32008365DA /* ja */,
				33E51F181D341D32008365DA /* nl */,
				33E51F191D341D32008365DA /* pt-PT */,
				33E51F1A1D341D32008365DA /* pt */,
				33E51F1B1D341D32008365DA /* ru */,
				33E51F1C1D341D32008365DA /* sv */,
				33E51F1D1D341D32008365DA /* th */,
				33E51F1E1D341D32008365DA /* tr */,
			);
			name = IASKLocalizable.strings;
			sourceTree = "<group>";
		};
		33FE98CC1C91A486004F7907 /* Main.storyboard */ = {
			isa = PBXVariantGroup;
			children = (
				33FE98CD1C91A486004F7907 /* Base */,
			);
			name = Main.storyboard;
			sourceTree = "<group>";
		};
		33FE98D11C91A486004F7907 /* LaunchScreen.xib */ = {
			isa = PBXVariantGroup;
			children = (
				33FE98D21C91A486004F7907 /* Base */,
			);
			name = LaunchScreen.xib;
			sourceTree = "<group>";
		};
/* End PBXVariantGroup section */

/* Begin XCBuildConfiguration section */
		33FE98E01C91A486004F7907 /* Debug */ = {
			isa = XCBuildConfiguration;
			buildSettings = {
				ALWAYS_SEARCH_USER_PATHS = NO;
				CLANG_CXX_LANGUAGE_STANDARD = "gnu++0x";
				CLANG_CXX_LIBRARY = "libc++";
				CLANG_ENABLE_MODULES = YES;
				CLANG_ENABLE_OBJC_ARC = YES;
				CLANG_WARN_BOOL_CONVERSION = YES;
				CLANG_WARN_CONSTANT_CONVERSION = YES;
				CLANG_WARN_DIRECT_OBJC_ISA_USAGE = YES_ERROR;
				CLANG_WARN_EMPTY_BODY = YES;
				CLANG_WARN_ENUM_CONVERSION = YES;
				CLANG_WARN_INT_CONVERSION = YES;
				CLANG_WARN_OBJC_ROOT_CLASS = YES_ERROR;
				CLANG_WARN_UNREACHABLE_CODE = YES;
				CLANG_WARN__DUPLICATE_METHOD_MATCH = YES;
				"CODE_SIGN_IDENTITY[sdk=iphoneos*]" = "iPhone Developer";
				COPY_PHASE_STRIP = NO;
				ENABLE_STRICT_OBJC_MSGSEND = YES;
				ENABLE_TESTABILITY = YES;
				GCC_C_LANGUAGE_STANDARD = gnu99;
				GCC_DYNAMIC_NO_PIC = NO;
				GCC_OPTIMIZATION_LEVEL = 0;
				GCC_PREPROCESSOR_DEFINITIONS = (
					"DEBUG=1",
					"$(inherited)",
				);
				GCC_SYMBOLS_PRIVATE_EXTERN = NO;
				GCC_WARN_64_TO_32_BIT_CONVERSION = YES;
				GCC_WARN_ABOUT_RETURN_TYPE = YES_ERROR;
				GCC_WARN_UNDECLARED_SELECTOR = YES;
				GCC_WARN_UNINITIALIZED_AUTOS = YES_AGGRESSIVE;
				GCC_WARN_UNUSED_FUNCTION = YES;
				GCC_WARN_UNUSED_VARIABLE = YES;
				"HEADER_SEARCH_PATHS[arch=*]" = "${SDK_DIR}/usr/include/libxml2";
				IPHONEOS_DEPLOYMENT_TARGET = 8.1;
				MTL_ENABLE_DEBUG_INFO = YES;
				ONLY_ACTIVE_ARCH = YES;
				SDKROOT = iphoneos;
				"USER_HEADER_SEARCH_PATHS[arch=*]" = "${SDK_DIR}/usr/include/libxml2";
			};
			name = Debug;
		};
		33FE98E11C91A486004F7907 /* Release */ = {
			isa = XCBuildConfiguration;
			buildSettings = {
				ALWAYS_SEARCH_USER_PATHS = NO;
				CLANG_CXX_LANGUAGE_STANDARD = "gnu++0x";
				CLANG_CXX_LIBRARY = "libc++";
				CLANG_ENABLE_MODULES = YES;
				CLANG_ENABLE_OBJC_ARC = YES;
				CLANG_WARN_BOOL_CONVERSION = YES;
				CLANG_WARN_CONSTANT_CONVERSION = YES;
				CLANG_WARN_DIRECT_OBJC_ISA_USAGE = YES_ERROR;
				CLANG_WARN_EMPTY_BODY = YES;
				CLANG_WARN_ENUM_CONVERSION = YES;
				CLANG_WARN_INT_CONVERSION = YES;
				CLANG_WARN_OBJC_ROOT_CLASS = YES_ERROR;
				CLANG_WARN_UNREACHABLE_CODE = YES;
				CLANG_WARN__DUPLICATE_METHOD_MATCH = YES;
				"CODE_SIGN_IDENTITY[sdk=iphoneos*]" = "iPhone Developer";
				COPY_PHASE_STRIP = YES;
				ENABLE_NS_ASSERTIONS = NO;
				ENABLE_STRICT_OBJC_MSGSEND = YES;
				GCC_C_LANGUAGE_STANDARD = gnu99;
				GCC_WARN_64_TO_32_BIT_CONVERSION = YES;
				GCC_WARN_ABOUT_RETURN_TYPE = YES_ERROR;
				GCC_WARN_UNDECLARED_SELECTOR = YES;
				GCC_WARN_UNINITIALIZED_AUTOS = YES_AGGRESSIVE;
				GCC_WARN_UNUSED_FUNCTION = YES;
				GCC_WARN_UNUSED_VARIABLE = YES;
				"HEADER_SEARCH_PATHS[arch=*]" = "${SDK_DIR}/usr/include/libxml2";
				IPHONEOS_DEPLOYMENT_TARGET = 8.1;
				MTL_ENABLE_DEBUG_INFO = NO;
				SDKROOT = iphoneos;
				"USER_HEADER_SEARCH_PATHS[arch=*]" = "${SDK_DIR}/usr/include/libxml2";
				VALIDATE_PRODUCT = YES;
			};
			name = Release;
		};
		33FE98E31C91A486004F7907 /* Debug */ = {
			isa = XCBuildConfiguration;
			buildSettings = {
				ASSETCATALOG_COMPILER_APPICON_NAME = "AppIcon-1";
				ASSETCATALOG_COMPILER_LAUNCHIMAGE_NAME = "Brand Assets";
				CODE_SIGN_IDENTITY = "iPhone Developer";
				"CODE_SIGN_IDENTITY[sdk=iphoneos*]" = "iPhone Developer";
				FRAMEWORK_SEARCH_PATHS = (
					"$(inherited)",
					"/Users/rahularya/Downloads/gh-unit-master/Examples/MyTestable-iOS",
					"/Users/rahularya/Downloads/gh-unit-master/Examples/MyTestable-MacOSX/Frameworks",
				);
				INFOPLIST_FILE = Lionel3/Info.plist;
				LD_RUNPATH_SEARCH_PATHS = "$(inherited) @executable_path/Frameworks";
				PRODUCT_BUNDLE_IDENTIFIER = com.noemptypromises.Lionel7;
				PRODUCT_NAME = "$(TARGET_NAME)";
				PROVISIONING_PROFILE = "";
			};
			name = Debug;
		};
		33FE98E41C91A486004F7907 /* Release */ = {
			isa = XCBuildConfiguration;
			buildSettings = {
				ASSETCATALOG_COMPILER_APPICON_NAME = "AppIcon-1";
				ASSETCATALOG_COMPILER_LAUNCHIMAGE_NAME = "Brand Assets";
				CODE_SIGN_IDENTITY = "iPhone Developer";
				"CODE_SIGN_IDENTITY[sdk=iphoneos*]" = "iPhone Developer";
				FRAMEWORK_SEARCH_PATHS = (
					"$(inherited)",
					"/Users/rahularya/Downloads/gh-unit-master/Examples/MyTestable-iOS",
					"/Users/rahularya/Downloads/gh-unit-master/Examples/MyTestable-MacOSX/Frameworks",
				);
				INFOPLIST_FILE = Lionel3/Info.plist;
				LD_RUNPATH_SEARCH_PATHS = "$(inherited) @executable_path/Frameworks";
				PRODUCT_BUNDLE_IDENTIFIER = com.noemptypromises.Lionel7;
				PRODUCT_NAME = "$(TARGET_NAME)";
				PROVISIONING_PROFILE = "";
			};
			name = Release;
		};
		33FE98E61C91A486004F7907 /* Debug */ = {
			isa = XCBuildConfiguration;
			buildSettings = {
				BUNDLE_LOADER = "$(TEST_HOST)";
				FRAMEWORK_SEARCH_PATHS = (
					"$(SDKROOT)/Developer/Library/Frameworks",
					"$(inherited)",
				);
				GCC_PREPROCESSOR_DEFINITIONS = (
					"DEBUG=1",
					"$(inherited)",
				);
				INFOPLIST_FILE = Lionel3Tests/Info.plist;
				LD_RUNPATH_SEARCH_PATHS = "$(inherited) @executable_path/Frameworks @loader_path/Frameworks";
				PRODUCT_BUNDLE_IDENTIFIER = "com.noemptypromises.$(PRODUCT_NAME:rfc1034identifier)";
				PRODUCT_NAME = "$(TARGET_NAME)";
				TEST_HOST = "$(BUILT_PRODUCTS_DIR)/Lionel3.app/Lionel3";
			};
			name = Debug;
		};
		33FE98E71C91A486004F7907 /* Release */ = {
			isa = XCBuildConfiguration;
			buildSettings = {
				BUNDLE_LOADER = "$(TEST_HOST)";
				FRAMEWORK_SEARCH_PATHS = (
					"$(SDKROOT)/Developer/Library/Frameworks",
					"$(inherited)",
				);
				INFOPLIST_FILE = Lionel3Tests/Info.plist;
				LD_RUNPATH_SEARCH_PATHS = "$(inherited) @executable_path/Frameworks @loader_path/Frameworks";
				PRODUCT_BUNDLE_IDENTIFIER = "com.noemptypromises.$(PRODUCT_NAME:rfc1034identifier)";
				PRODUCT_NAME = "$(TARGET_NAME)";
				TEST_HOST = "$(BUILT_PRODUCTS_DIR)/Lionel3.app/Lionel3";
			};
			name = Release;
		};
/* End XCBuildConfiguration section */

/* Begin XCConfigurationList section */
		33FE98BA1C91A486004F7907 /* Build configuration list for PBXProject "Lionel3" */ = {
			isa = XCConfigurationList;
			buildConfigurations = (
				33FE98E01C91A486004F7907 /* Debug */,
				33FE98E11C91A486004F7907 /* Release */,
			);
			defaultConfigurationIsVisible = 0;
			defaultConfigurationName = Release;
		};
		33FE98E21C91A486004F7907 /* Build configuration list for PBXNativeTarget "Lionel3" */ = {
			isa = XCConfigurationList;
			buildConfigurations = (
				33FE98E31C91A486004F7907 /* Debug */,
				33FE98E41C91A486004F7907 /* Release */,
			);
			defaultConfigurationIsVisible = 0;
			defaultConfigurationName = Release;
		};
		33FE98E51C91A486004F7907 /* Build configuration list for PBXNativeTarget "Lionel3Tests" */ = {
			isa = XCConfigurationList;
			buildConfigurations = (
				33FE98E61C91A486004F7907 /* Debug */,
				33FE98E71C91A486004F7907 /* Release */,
			);
			defaultConfigurationIsVisible = 0;
			defaultConfigurationName = Release;
		};
/* End XCConfigurationList section */
	};
	rootObject = 33FE98B71C91A486004F7907 /* Project object */;
}
